
Microsoft Visual Studio Solution File, Format Version 12.00
# Visual Studio 15
VisualStudioVersion = 15.0.28010.2003
MinimumVisualStudioVersion = 10.0.40219.1
Project("{8BC9CEB8-8B4A-11D0-8D11-00A0C91BC942}") = "Stacks", "Stacks\Stacks.vcxproj", "{2BF09AFF-6F4C-48AD-A5AB-2B27F9785728}"
EndProject
Global
	GlobalSection(SolutionConfigurationPlatforms) = preSolution
		Debug|x64 = Debug|x64
		Debug|x86 = Debug|x86
		Release|x64 = Release|x64
		Release|x86 = Release|x86
	EndGlobalSection
	GlobalSection(ProjectConfigurationPlatforms) = postSolution
		{2BF09AFF-6F4C-48AD-A5AB-2B27F9785728}.Debug|x64.ActiveCfg = Debug|x64
		{2BF09AFF-6F4C-48AD-A5AB-2B27F9785728}.Debug|x64.Build.0 = Debug|x64
		{2BF09AFF-6F4C-48AD-A5AB-2B27F9785728}.Debug|x86.ActiveCfg = Debug|Win32
		{2BF09AFF-6F4C-48AD-A5AB-2B27F9785728}.Debug|x86.Build.0 = Debug|Win32
		{2BF09AFF-6F4C-48AD-A5AB-2B27F9785728}.Release|x64.ActiveCfg = Release|x64
		{2BF09AFF-6F4C-48AD-A5AB-2B27F9785728}.Release|x64.Build.0 = Release|x64
		{2BF09AFF-6F4C-48AD-A5AB-2B27F9785728}.Release|x86.ActiveCfg = Release|Win32
		{2BF09AFF-6F4C-48AD-A5AB-2B27F9785728}.Release|x86.Build.0 = Release|Win32
	EndGlobalSection
	GlobalSection(SolutionProperties) = preSolution
		HideSolutionNode = FALSE
	EndGlobalSection
	GlobalSection(ExtensibilityGlobals) = postSolution
		SolutionGuid = {17B0326E-2121-4F6B-B802-61411EAF237F}
	EndGlobalSection
EndGlobal
